
Microsoft Visual Studio Solution File, Format Version 12.00
# Visual Studio Version 16
VisualStudioVersion = 16.0.30626.31
MinimumVisualStudioVersion = 10.0.40219.1
Project("{FAE04EC0-301F-11D3-BF4B-00C04F79EFBC}") = "Ch11Ex04", "Ch11Ex04\Ch11Ex04.csproj", "{CBA17513-5A29-44E5-B8D4-6C809163B20C}"
EndProject
Global
	GlobalSection(SolutionConfigurationPlatforms) = preSolution
		Debug|Any CPU = Debug|Any CPU
		Release|Any CPU = Release|Any CPU
	EndGlobalSection
	GlobalSection(ProjectConfigurationPlatforms) = postSolution
		{CBA17513-5A29-44E5-B8D4-6C809163B20C}.Debug|Any CPU.ActiveCfg = Debug|Any CPU
		{CBA17513-5A29-44E5-B8D4-6C809163B20C}.Debug|Any CPU.Build.0 = Debug|Any CPU
		{CBA17513-5A29-44E5-B8D4-6C809163B20C}.Release|Any CPU.ActiveCfg = Release|Any CPU
		{CBA17513-5A29-44E5-B8D4-6C809163B20C}.Release|Any CPU.Build.0 = Release|Any CPU
	EndGlobalSection
	GlobalSection(SolutionProperties) = preSolution
		HideSolutionNode = FALSE
	EndGlobalSection
	GlobalSection(ExtensibilityGlobals) = postSolution
		SolutionGuid = {C824E001-0E02-4772-B4FE-C801B0F46EFB}
	EndGlobalSection
EndGlobal
