
Microsoft Visual Studio Solution File, Format Version 12.00
# Visual Studio Version 16
VisualStudioVersion = 16.0.30621.155
MinimumVisualStudioVersion = 10.0.40219.1
Project("{FAE04EC0-301F-11D3-BF4B-00C04F79EFBC}") = "ReadFile", "ReadFile.csproj", "{10C6E70C-AF70-4904-8979-1C493454B075}"
EndProject
Global
	GlobalSection(SolutionConfigurationPlatforms) = preSolution
		Debug|Any CPU = Debug|Any CPU
		Release|Any CPU = Release|Any CPU
	EndGlobalSection
	GlobalSection(ProjectConfigurationPlatforms) = postSolution
		{10C6E70C-AF70-4904-8979-1C493454B075}.Debug|Any CPU.ActiveCfg = Debug|Any CPU
		{10C6E70C-AF70-4904-8979-1C493454B075}.Debug|Any CPU.Build.0 = Debug|Any CPU
		{10C6E70C-AF70-4904-8979-1C493454B075}.Release|Any CPU.ActiveCfg = Release|Any CPU
		{10C6E70C-AF70-4904-8979-1C493454B075}.Release|Any CPU.Build.0 = Release|Any CPU
	EndGlobalSection
	GlobalSection(SolutionProperties) = preSolution
		HideSolutionNode = FALSE
	EndGlobalSection
	GlobalSection(ExtensibilityGlobals) = postSolution
		SolutionGuid = {EC4A9E09-F8F9-4FEA-8156-25AEAFD1D254}
	EndGlobalSection
EndGlobal
