
Microsoft Visual Studio Solution File, Format Version 12.00
# Visual Studio Version 16
VisualStudioVersion = 16.0.30717.126
MinimumVisualStudioVersion = 10.0.40219.1
Project("{FAE04EC0-301F-11D3-BF4B-00C04F79EFBC}") = "Ch13Ex09", "Ch13Ex09\Ch13Ex09.csproj", "{7CBC00DD-39B8-49D9-ADEC-2B147B54D691}"
EndProject
Global
	GlobalSection(SolutionConfigurationPlatforms) = preSolution
		Debug|Any CPU = Debug|Any CPU
		Release|Any CPU = Release|Any CPU
	EndGlobalSection
	GlobalSection(ProjectConfigurationPlatforms) = postSolution
		{7CBC00DD-39B8-49D9-ADEC-2B147B54D691}.Debug|Any CPU.ActiveCfg = Debug|Any CPU
		{7CBC00DD-39B8-49D9-ADEC-2B147B54D691}.Debug|Any CPU.Build.0 = Debug|Any CPU
		{7CBC00DD-39B8-49D9-ADEC-2B147B54D691}.Release|Any CPU.ActiveCfg = Release|Any CPU
		{7CBC00DD-39B8-49D9-ADEC-2B147B54D691}.Release|Any CPU.Build.0 = Release|Any CPU
	EndGlobalSection
	GlobalSection(SolutionProperties) = preSolution
		HideSolutionNode = FALSE
	EndGlobalSection
	GlobalSection(ExtensibilityGlobals) = postSolution
		SolutionGuid = {9545C052-8B75-4A14-B1E0-A6161007FF8E}
	EndGlobalSection
EndGlobal
