
Microsoft Visual Studio Solution File, Format Version 12.00
# Visual Studio Version 16
VisualStudioVersion = 16.0.30615.102
MinimumVisualStudioVersion = 10.0.40219.1
Project("{FAE04EC0-301F-11D3-BF4B-00C04F79EFBC}") = "Ch06Ex03", "Ch06Ex03\Ch06Ex03.csproj", "{F34A78CB-2E23-455A-93FC-8DD8E614B125}"
EndProject
Global
	GlobalSection(SolutionConfigurationPlatforms) = preSolution
		Debug|Any CPU = Debug|Any CPU
		Release|Any CPU = Release|Any CPU
	EndGlobalSection
	GlobalSection(ProjectConfigurationPlatforms) = postSolution
		{F34A78CB-2E23-455A-93FC-8DD8E614B125}.Debug|Any CPU.ActiveCfg = Debug|Any CPU
		{F34A78CB-2E23-455A-93FC-8DD8E614B125}.Debug|Any CPU.Build.0 = Debug|Any CPU
		{F34A78CB-2E23-455A-93FC-8DD8E614B125}.Release|Any CPU.ActiveCfg = Release|Any CPU
		{F34A78CB-2E23-455A-93FC-8DD8E614B125}.Release|Any CPU.Build.0 = Release|Any CPU
	EndGlobalSection
	GlobalSection(SolutionProperties) = preSolution
		HideSolutionNode = FALSE
	EndGlobalSection
	GlobalSection(ExtensibilityGlobals) = postSolution
		SolutionGuid = {8FE75E71-907B-47A0-97FE-30D993E9D5EE}
	EndGlobalSection
EndGlobal
