
Microsoft Visual Studio Solution File, Format Version 12.00
# Visual Studio Version 16
VisualStudioVersion = 16.0.30717.126
MinimumVisualStudioVersion = 10.0.40219.1
Project("{FAE04EC0-301F-11D3-BF4B-00C04F79EFBC}") = "CustomAttributes", "CustomAttributes\CustomAttributes.csproj", "{2275C8C5-5E50-47FC-A6E9-1DC8CA390C6B}"
EndProject
Global
	GlobalSection(SolutionConfigurationPlatforms) = preSolution
		Debug|Any CPU = Debug|Any CPU
		Release|Any CPU = Release|Any CPU
	EndGlobalSection
	GlobalSection(ProjectConfigurationPlatforms) = postSolution
		{2275C8C5-5E50-47FC-A6E9-1DC8CA390C6B}.Debug|Any CPU.ActiveCfg = Debug|Any CPU
		{2275C8C5-5E50-47FC-A6E9-1DC8CA390C6B}.Debug|Any CPU.Build.0 = Debug|Any CPU
		{2275C8C5-5E50-47FC-A6E9-1DC8CA390C6B}.Release|Any CPU.ActiveCfg = Release|Any CPU
		{2275C8C5-5E50-47FC-A6E9-1DC8CA390C6B}.Release|Any CPU.Build.0 = Release|Any CPU
	EndGlobalSection
	GlobalSection(SolutionProperties) = preSolution
		HideSolutionNode = FALSE
	EndGlobalSection
	GlobalSection(ExtensibilityGlobals) = postSolution
		SolutionGuid = {206A4149-55FF-4A05-8188-1FF4DA6E307E}
	EndGlobalSection
EndGlobal
