
Microsoft Visual Studio Solution File, Format Version 12.00
# Visual Studio Version 16
VisualStudioVersion = 16.0.31005.135
MinimumVisualStudioVersion = 10.0.40219.1
Project("{FAE04EC0-301F-11D3-BF4B-00C04F79EFBC}") = "BeginningCSharpAndDotNET_16_5_OrderQueryResults", "BeginningCSharpAndDotNET_16_5_OrderQueryResults.csproj", "{1AD6C688-1D71-43F3-B799-2EFBB189F6B5}"
EndProject
Global
	GlobalSection(SolutionConfigurationPlatforms) = preSolution
		Debug|Any CPU = Debug|Any CPU
		Release|Any CPU = Release|Any CPU
	EndGlobalSection
	GlobalSection(ProjectConfigurationPlatforms) = postSolution
		{1AD6C688-1D71-43F3-B799-2EFBB189F6B5}.Debug|Any CPU.ActiveCfg = Debug|Any CPU
		{1AD6C688-1D71-43F3-B799-2EFBB189F6B5}.Debug|Any CPU.Build.0 = Debug|Any CPU
		{1AD6C688-1D71-43F3-B799-2EFBB189F6B5}.Release|Any CPU.ActiveCfg = Release|Any CPU
		{1AD6C688-1D71-43F3-B799-2EFBB189F6B5}.Release|Any CPU.Build.0 = Release|Any CPU
	EndGlobalSection
	GlobalSection(SolutionProperties) = preSolution
		HideSolutionNode = FALSE
	EndGlobalSection
	GlobalSection(ExtensibilityGlobals) = postSolution
		SolutionGuid = {5EDD24D5-04BA-4368-807D-6D8EBB23C3F0}
	EndGlobalSection
EndGlobal
