
Microsoft Visual Studio Solution File, Format Version 12.00
# Visual Studio Version 16
VisualStudioVersion = 16.0.31025.194
MinimumVisualStudioVersion = 10.0.40219.1
Project("{FAE04EC0-301F-11D3-BF4B-00C04F79EFBC}") = "Ch20Ex02", "Ch20Ex02\Ch20Ex02.csproj", "{77846027-66A0-4DE2-A9C3-E48236E00660}"
EndProject
Global
	GlobalSection(SolutionConfigurationPlatforms) = preSolution
		Debug|Any CPU = Debug|Any CPU
		Release|Any CPU = Release|Any CPU
	EndGlobalSection
	GlobalSection(ProjectConfigurationPlatforms) = postSolution
		{77846027-66A0-4DE2-A9C3-E48236E00660}.Debug|Any CPU.ActiveCfg = Debug|Any CPU
		{77846027-66A0-4DE2-A9C3-E48236E00660}.Debug|Any CPU.Build.0 = Debug|Any CPU
		{77846027-66A0-4DE2-A9C3-E48236E00660}.Release|Any CPU.ActiveCfg = Release|Any CPU
		{77846027-66A0-4DE2-A9C3-E48236E00660}.Release|Any CPU.Build.0 = Release|Any CPU
	EndGlobalSection
	GlobalSection(SolutionProperties) = preSolution
		HideSolutionNode = FALSE
	EndGlobalSection
	GlobalSection(ExtensibilityGlobals) = postSolution
		SolutionGuid = {1CF0DDF1-B8E4-4103-A4E2-B72152F7B6A3}
	EndGlobalSection
EndGlobal
