
Microsoft Visual Studio Solution File, Format Version 12.00
# Visual Studio Version 16
VisualStudioVersion = 16.0.31005.135
MinimumVisualStudioVersion = 10.0.40219.1
Project("{FAE04EC0-301F-11D3-BF4B-00C04F79EFBC}") = "BeginningCSharpAndDotNET_16_10_GroupQuery", "BeginningCSharpAndDotNET_16_10_GroupQuery.csproj", "{9F5A7D42-D260-452E-BD75-BA45ED7E0425}"
EndProject
Global
	GlobalSection(SolutionConfigurationPlatforms) = preSolution
		Debug|Any CPU = Debug|Any CPU
		Release|Any CPU = Release|Any CPU
	EndGlobalSection
	GlobalSection(ProjectConfigurationPlatforms) = postSolution
		{9F5A7D42-D260-452E-BD75-BA45ED7E0425}.Debug|Any CPU.ActiveCfg = Debug|Any CPU
		{9F5A7D42-D260-452E-BD75-BA45ED7E0425}.Debug|Any CPU.Build.0 = Debug|Any CPU
		{9F5A7D42-D260-452E-BD75-BA45ED7E0425}.Release|Any CPU.ActiveCfg = Release|Any CPU
		{9F5A7D42-D260-452E-BD75-BA45ED7E0425}.Release|Any CPU.Build.0 = Release|Any CPU
	EndGlobalSection
	GlobalSection(SolutionProperties) = preSolution
		HideSolutionNode = FALSE
	EndGlobalSection
	GlobalSection(ExtensibilityGlobals) = postSolution
		SolutionGuid = {6BB7DB62-ABDF-4119-BD61-9E20C7ADF5AF}
	EndGlobalSection
EndGlobal
