
Microsoft Visual Studio Solution File, Format Version 12.00
# Visual Studio Version 16
VisualStudioVersion = 16.0.31005.135
MinimumVisualStudioVersion = 10.0.40219.1
Project("{9A19103F-16F7-4668-BE54-9A1E7A4F7556}") = "BensCards.WPF", "BensCards.WPF.csproj", "{49000D3C-22BD-469B-80B3-46F2F62CFAFE}"
	ProjectSection(ProjectDependencies) = postProject
		{5D10F0B2-247B-475F-8601-E44818B1636C} = {5D10F0B2-247B-475F-8601-E44818B1636C}
	EndProjectSection
EndProject
Project("{9A19103F-16F7-4668-BE54-9A1E7A4F7556}") = "Ch13CardLib", "..\..\Chapter13\Ch13CardLib\Ch13CardLib\Ch13CardLib.csproj", "{5D10F0B2-247B-475F-8601-E44818B1636C}"
EndProject
Global
	GlobalSection(SolutionConfigurationPlatforms) = preSolution
		Debug|Any CPU = Debug|Any CPU
		Release|Any CPU = Release|Any CPU
	EndGlobalSection
	GlobalSection(ProjectConfigurationPlatforms) = postSolution
		{49000D3C-22BD-469B-80B3-46F2F62CFAFE}.Debug|Any CPU.ActiveCfg = Debug|Any CPU
		{49000D3C-22BD-469B-80B3-46F2F62CFAFE}.Debug|Any CPU.Build.0 = Debug|Any CPU
		{49000D3C-22BD-469B-80B3-46F2F62CFAFE}.Release|Any CPU.ActiveCfg = Release|Any CPU
		{49000D3C-22BD-469B-80B3-46F2F62CFAFE}.Release|Any CPU.Build.0 = Release|Any CPU
		{5D10F0B2-247B-475F-8601-E44818B1636C}.Debug|Any CPU.ActiveCfg = Debug|Any CPU
		{5D10F0B2-247B-475F-8601-E44818B1636C}.Debug|Any CPU.Build.0 = Debug|Any CPU
		{5D10F0B2-247B-475F-8601-E44818B1636C}.Release|Any CPU.ActiveCfg = Release|Any CPU
		{5D10F0B2-247B-475F-8601-E44818B1636C}.Release|Any CPU.Build.0 = Release|Any CPU
	EndGlobalSection
	GlobalSection(SolutionProperties) = preSolution
		HideSolutionNode = FALSE
	EndGlobalSection
	GlobalSection(ExtensibilityGlobals) = postSolution
		SolutionGuid = {CD865931-D9B7-4925-B407-22F876496D3B}
	EndGlobalSection
EndGlobal
