
Microsoft Visual Studio Solution File, Format Version 12.00
# Visual Studio Version 16
VisualStudioVersion = 16.0.30626.31
MinimumVisualStudioVersion = 10.0.40219.1
Project("{FAE04EC0-301F-11D3-BF4B-00C04F79EFBC}") = "Ch11Ex05", "Ch11Ex05\Ch11Ex05.csproj", "{3123A2E2-5C0B-4A75-9B19-AC5B878D5587}"
EndProject
Global
	GlobalSection(SolutionConfigurationPlatforms) = preSolution
		Debug|Any CPU = Debug|Any CPU
		Release|Any CPU = Release|Any CPU
	EndGlobalSection
	GlobalSection(ProjectConfigurationPlatforms) = postSolution
		{3123A2E2-5C0B-4A75-9B19-AC5B878D5587}.Debug|Any CPU.ActiveCfg = Debug|Any CPU
		{3123A2E2-5C0B-4A75-9B19-AC5B878D5587}.Debug|Any CPU.Build.0 = Debug|Any CPU
		{3123A2E2-5C0B-4A75-9B19-AC5B878D5587}.Release|Any CPU.ActiveCfg = Release|Any CPU
		{3123A2E2-5C0B-4A75-9B19-AC5B878D5587}.Release|Any CPU.Build.0 = Release|Any CPU
	EndGlobalSection
	GlobalSection(SolutionProperties) = preSolution
		HideSolutionNode = FALSE
	EndGlobalSection
	GlobalSection(ExtensibilityGlobals) = postSolution
		SolutionGuid = {468D0CDF-AAE2-4E06-9888-4FF340379A97}
	EndGlobalSection
EndGlobal
