
Microsoft Visual Studio Solution File, Format Version 12.00
# Visual Studio Version 16
VisualStudioVersion = 16.0.30615.102
MinimumVisualStudioVersion = 10.0.40219.1
Project("{FAE04EC0-301F-11D3-BF4B-00C04F79EFBC}") = "Ch08Ex01", "Ch08Ex01\Ch08Ex01.csproj", "{065E1553-215E-4559-B37A-F099485A327F}"
EndProject
Global
	GlobalSection(SolutionConfigurationPlatforms) = preSolution
		Debug|Any CPU = Debug|Any CPU
		Release|Any CPU = Release|Any CPU
	EndGlobalSection
	GlobalSection(ProjectConfigurationPlatforms) = postSolution
		{065E1553-215E-4559-B37A-F099485A327F}.Debug|Any CPU.ActiveCfg = Debug|Any CPU
		{065E1553-215E-4559-B37A-F099485A327F}.Debug|Any CPU.Build.0 = Debug|Any CPU
		{065E1553-215E-4559-B37A-F099485A327F}.Release|Any CPU.ActiveCfg = Release|Any CPU
		{065E1553-215E-4559-B37A-F099485A327F}.Release|Any CPU.Build.0 = Release|Any CPU
	EndGlobalSection
	GlobalSection(SolutionProperties) = preSolution
		HideSolutionNode = FALSE
	EndGlobalSection
	GlobalSection(ExtensibilityGlobals) = postSolution
		SolutionGuid = {B3CD9301-5F78-451F-821A-B428C2CD329C}
	EndGlobalSection
EndGlobal
