
Microsoft Visual Studio Solution File, Format Version 12.00
# Visual Studio Version 16
VisualStudioVersion = 16.0.30717.126
MinimumVisualStudioVersion = 10.0.40219.1
Project("{FAE04EC0-301F-11D3-BF4B-00C04F79EFBC}") = "Ch13Ex02", "Ch13Ex02\Ch13Ex02.csproj", "{9CFB10A4-14CA-47F8-AEAB-02F8510D6DDE}"
EndProject
Global
	GlobalSection(SolutionConfigurationPlatforms) = preSolution
		Debug|Any CPU = Debug|Any CPU
		Release|Any CPU = Release|Any CPU
	EndGlobalSection
	GlobalSection(ProjectConfigurationPlatforms) = postSolution
		{9CFB10A4-14CA-47F8-AEAB-02F8510D6DDE}.Debug|Any CPU.ActiveCfg = Debug|Any CPU
		{9CFB10A4-14CA-47F8-AEAB-02F8510D6DDE}.Debug|Any CPU.Build.0 = Debug|Any CPU
		{9CFB10A4-14CA-47F8-AEAB-02F8510D6DDE}.Release|Any CPU.ActiveCfg = Release|Any CPU
		{9CFB10A4-14CA-47F8-AEAB-02F8510D6DDE}.Release|Any CPU.Build.0 = Release|Any CPU
	EndGlobalSection
	GlobalSection(SolutionProperties) = preSolution
		HideSolutionNode = FALSE
	EndGlobalSection
	GlobalSection(ExtensibilityGlobals) = postSolution
		SolutionGuid = {8ED534F3-A68B-4D82-8DF6-3B100EF5F72E}
	EndGlobalSection
EndGlobal
