
Microsoft Visual Studio Solution File, Format Version 12.00
# Visual Studio Version 16
VisualStudioVersion = 16.0.30626.31
MinimumVisualStudioVersion = 10.0.40219.1
Project("{FAE04EC0-301F-11D3-BF4B-00C04F79EFBC}") = "SimpleIterators", "SimpleIterators\SimpleIterators.csproj", "{84336425-FA34-4883-A1AE-BE61A5326235}"
EndProject
Global
	GlobalSection(SolutionConfigurationPlatforms) = preSolution
		Debug|Any CPU = Debug|Any CPU
		Release|Any CPU = Release|Any CPU
	EndGlobalSection
	GlobalSection(ProjectConfigurationPlatforms) = postSolution
		{84336425-FA34-4883-A1AE-BE61A5326235}.Debug|Any CPU.ActiveCfg = Debug|Any CPU
		{84336425-FA34-4883-A1AE-BE61A5326235}.Debug|Any CPU.Build.0 = Debug|Any CPU
		{84336425-FA34-4883-A1AE-BE61A5326235}.Release|Any CPU.ActiveCfg = Release|Any CPU
		{84336425-FA34-4883-A1AE-BE61A5326235}.Release|Any CPU.Build.0 = Release|Any CPU
	EndGlobalSection
	GlobalSection(SolutionProperties) = preSolution
		HideSolutionNode = FALSE
	EndGlobalSection
	GlobalSection(ExtensibilityGlobals) = postSolution
		SolutionGuid = {574F08BC-1F58-4B94-8F32-5FF01C9FB9B6}
	EndGlobalSection
EndGlobal
