
Microsoft Visual Studio Solution File, Format Version 12.00
# Visual Studio Version 16
VisualStudioVersion = 16.0.31005.135
MinimumVisualStudioVersion = 10.0.40219.1
Project("{FAE04EC0-301F-11D3-BF4B-00C04F79EFBC}") = "BeginningCSharpAndDotNET_16_2_XMLFragments", "BeginningCSharpAndDotNET_16_2_XMLFragments.csproj", "{8526F21B-5B71-462A-A7DB-5E9827077D4F}"
EndProject
Global
	GlobalSection(SolutionConfigurationPlatforms) = preSolution
		Debug|Any CPU = Debug|Any CPU
		Release|Any CPU = Release|Any CPU
	EndGlobalSection
	GlobalSection(ProjectConfigurationPlatforms) = postSolution
		{8526F21B-5B71-462A-A7DB-5E9827077D4F}.Debug|Any CPU.ActiveCfg = Debug|Any CPU
		{8526F21B-5B71-462A-A7DB-5E9827077D4F}.Debug|Any CPU.Build.0 = Debug|Any CPU
		{8526F21B-5B71-462A-A7DB-5E9827077D4F}.Release|Any CPU.ActiveCfg = Release|Any CPU
		{8526F21B-5B71-462A-A7DB-5E9827077D4F}.Release|Any CPU.Build.0 = Release|Any CPU
	EndGlobalSection
	GlobalSection(SolutionProperties) = preSolution
		HideSolutionNode = FALSE
	EndGlobalSection
	GlobalSection(ExtensibilityGlobals) = postSolution
		SolutionGuid = {E81B05F5-20E8-4CAD-9B06-949D40C663A2}
	EndGlobalSection
EndGlobal
