
Microsoft Visual Studio Solution File, Format Version 12.00
# Visual Studio Version 16
VisualStudioVersion = 16.0.30717.126
MinimumVisualStudioVersion = 10.0.40219.1
Project("{FAE04EC0-301F-11D3-BF4B-00C04F79EFBC}") = "Ch13Ex08", "Ch13Ex08\Ch13Ex08.csproj", "{3CE3ABA8-013F-4F8D-BD7F-785031933228}"
EndProject
Global
	GlobalSection(SolutionConfigurationPlatforms) = preSolution
		Debug|Any CPU = Debug|Any CPU
		Release|Any CPU = Release|Any CPU
	EndGlobalSection
	GlobalSection(ProjectConfigurationPlatforms) = postSolution
		{3CE3ABA8-013F-4F8D-BD7F-785031933228}.Debug|Any CPU.ActiveCfg = Debug|Any CPU
		{3CE3ABA8-013F-4F8D-BD7F-785031933228}.Debug|Any CPU.Build.0 = Debug|Any CPU
		{3CE3ABA8-013F-4F8D-BD7F-785031933228}.Release|Any CPU.ActiveCfg = Release|Any CPU
		{3CE3ABA8-013F-4F8D-BD7F-785031933228}.Release|Any CPU.Build.0 = Release|Any CPU
	EndGlobalSection
	GlobalSection(SolutionProperties) = preSolution
		HideSolutionNode = FALSE
	EndGlobalSection
	GlobalSection(ExtensibilityGlobals) = postSolution
		SolutionGuid = {FC635B72-F9B7-4E76-B85A-6872D0B921F7}
	EndGlobalSection
EndGlobal
