
Microsoft Visual Studio Solution File, Format Version 12.00
# Visual Studio Version 16
VisualStudioVersion = 16.0.31005.135
MinimumVisualStudioVersion = 10.0.40219.1
Project("{FAE04EC0-301F-11D3-BF4B-00C04F79EFBC}") = "BeginningCSharpAndDotNet_17_1_CodeFirstDatabase", "BeginningCSharpAndDotNet_17_1_CodeFirstDatabase.csproj", "{67C286A8-5032-40E6-A1E6-FAE65023D6D3}"
EndProject
Global
	GlobalSection(SolutionConfigurationPlatforms) = preSolution
		Debug|Any CPU = Debug|Any CPU
		Release|Any CPU = Release|Any CPU
	EndGlobalSection
	GlobalSection(ProjectConfigurationPlatforms) = postSolution
		{67C286A8-5032-40E6-A1E6-FAE65023D6D3}.Debug|Any CPU.ActiveCfg = Debug|Any CPU
		{67C286A8-5032-40E6-A1E6-FAE65023D6D3}.Debug|Any CPU.Build.0 = Debug|Any CPU
		{67C286A8-5032-40E6-A1E6-FAE65023D6D3}.Release|Any CPU.ActiveCfg = Release|Any CPU
		{67C286A8-5032-40E6-A1E6-FAE65023D6D3}.Release|Any CPU.Build.0 = Release|Any CPU
	EndGlobalSection
	GlobalSection(SolutionProperties) = preSolution
		HideSolutionNode = FALSE
	EndGlobalSection
	GlobalSection(ExtensibilityGlobals) = postSolution
		SolutionGuid = {AED309A6-C8CD-4089-AEA8-E98034F4348C}
	EndGlobalSection
EndGlobal
