
Microsoft Visual Studio Solution File, Format Version 12.00
# Visual Studio Version 16
VisualStudioVersion = 16.0.30626.31
MinimumVisualStudioVersion = 10.0.40219.1
Project("{FAE04EC0-301F-11D3-BF4B-00C04F79EFBC}") = "Ch11Ex01", "Ch11Ex01\Ch11Ex01.csproj", "{28D4BE34-9CA0-4EF3-8AA0-7C0D69C3585D}"
EndProject
Global
	GlobalSection(SolutionConfigurationPlatforms) = preSolution
		Debug|Any CPU = Debug|Any CPU
		Release|Any CPU = Release|Any CPU
	EndGlobalSection
	GlobalSection(ProjectConfigurationPlatforms) = postSolution
		{28D4BE34-9CA0-4EF3-8AA0-7C0D69C3585D}.Debug|Any CPU.ActiveCfg = Debug|Any CPU
		{28D4BE34-9CA0-4EF3-8AA0-7C0D69C3585D}.Debug|Any CPU.Build.0 = Debug|Any CPU
		{28D4BE34-9CA0-4EF3-8AA0-7C0D69C3585D}.Release|Any CPU.ActiveCfg = Release|Any CPU
		{28D4BE34-9CA0-4EF3-8AA0-7C0D69C3585D}.Release|Any CPU.Build.0 = Release|Any CPU
	EndGlobalSection
	GlobalSection(SolutionProperties) = preSolution
		HideSolutionNode = FALSE
	EndGlobalSection
	GlobalSection(ExtensibilityGlobals) = postSolution
		SolutionGuid = {5A9E214B-44ED-42E0-AD18-5030E113412E}
	EndGlobalSection
EndGlobal
