
Microsoft Visual Studio Solution File, Format Version 12.00
# Visual Studio Version 16
VisualStudioVersion = 16.0.31005.135
MinimumVisualStudioVersion = 10.0.40219.1
Project("{FAE04EC0-301F-11D3-BF4B-00C04F79EFBC}") = "Compressor", "Compressor.csproj", "{1A67B901-32A6-4C0D-ADCC-E1CC6D9F64EF}"
EndProject
Global
	GlobalSection(SolutionConfigurationPlatforms) = preSolution
		Debug|Any CPU = Debug|Any CPU
		Release|Any CPU = Release|Any CPU
	EndGlobalSection
	GlobalSection(ProjectConfigurationPlatforms) = postSolution
		{1A67B901-32A6-4C0D-ADCC-E1CC6D9F64EF}.Debug|Any CPU.ActiveCfg = Debug|Any CPU
		{1A67B901-32A6-4C0D-ADCC-E1CC6D9F64EF}.Debug|Any CPU.Build.0 = Debug|Any CPU
		{1A67B901-32A6-4C0D-ADCC-E1CC6D9F64EF}.Release|Any CPU.ActiveCfg = Release|Any CPU
		{1A67B901-32A6-4C0D-ADCC-E1CC6D9F64EF}.Release|Any CPU.Build.0 = Release|Any CPU
	EndGlobalSection
	GlobalSection(SolutionProperties) = preSolution
		HideSolutionNode = FALSE
	EndGlobalSection
	GlobalSection(ExtensibilityGlobals) = postSolution
		SolutionGuid = {4970475F-40EF-4550-BCFF-E4A967606C20}
	EndGlobalSection
EndGlobal
