
Microsoft Visual Studio Solution File, Format Version 12.00
# Visual Studio Version 16
VisualStudioVersion = 16.0.31112.23
MinimumVisualStudioVersion = 10.0.40219.1
Project("{FAE04EC0-301F-11D3-BF4B-00C04F79EFBC}") = "Ch20Ex04", "Ch20Ex04\Ch20Ex04.csproj", "{1B7E5F05-5F48-4817-9B77-E9D3ACD7594A}"
EndProject
Project("{FAE04EC0-301F-11D3-BF4B-00C04F79EFBC}") = "Ch20Ex04Contracts", "..\Ch20Ex04Contracts\Ch20Ex04Contracts.csproj", "{582A338E-E5AB-4AC4-9219-26B39FBC4737}"
EndProject
Project("{FAE04EC0-301F-11D3-BF4B-00C04F79EFBC}") = "Ch20Ex04Client", "..\Ch20Ex04Client\Ch20Ex04Client.csproj", "{3444DF78-F84E-4F0C-ADD7-991E1D6A78FE}"
EndProject
Global
	GlobalSection(SolutionConfigurationPlatforms) = preSolution
		Debug|Any CPU = Debug|Any CPU
		Release|Any CPU = Release|Any CPU
	EndGlobalSection
	GlobalSection(ProjectConfigurationPlatforms) = postSolution
		{1B7E5F05-5F48-4817-9B77-E9D3ACD7594A}.Debug|Any CPU.ActiveCfg = Debug|Any CPU
		{1B7E5F05-5F48-4817-9B77-E9D3ACD7594A}.Debug|Any CPU.Build.0 = Debug|Any CPU
		{1B7E5F05-5F48-4817-9B77-E9D3ACD7594A}.Release|Any CPU.ActiveCfg = Release|Any CPU
		{1B7E5F05-5F48-4817-9B77-E9D3ACD7594A}.Release|Any CPU.Build.0 = Release|Any CPU
		{582A338E-E5AB-4AC4-9219-26B39FBC4737}.Debug|Any CPU.ActiveCfg = Debug|Any CPU
		{582A338E-E5AB-4AC4-9219-26B39FBC4737}.Debug|Any CPU.Build.0 = Debug|Any CPU
		{582A338E-E5AB-4AC4-9219-26B39FBC4737}.Release|Any CPU.ActiveCfg = Release|Any CPU
		{582A338E-E5AB-4AC4-9219-26B39FBC4737}.Release|Any CPU.Build.0 = Release|Any CPU
		{3444DF78-F84E-4F0C-ADD7-991E1D6A78FE}.Debug|Any CPU.ActiveCfg = Debug|Any CPU
		{3444DF78-F84E-4F0C-ADD7-991E1D6A78FE}.Debug|Any CPU.Build.0 = Debug|Any CPU
		{3444DF78-F84E-4F0C-ADD7-991E1D6A78FE}.Release|Any CPU.ActiveCfg = Release|Any CPU
		{3444DF78-F84E-4F0C-ADD7-991E1D6A78FE}.Release|Any CPU.Build.0 = Release|Any CPU
	EndGlobalSection
	GlobalSection(SolutionProperties) = preSolution
		HideSolutionNode = FALSE
	EndGlobalSection
	GlobalSection(ExtensibilityGlobals) = postSolution
		SolutionGuid = {7CAC71F5-3B69-4A02-AD61-B5001C993EE2}
	EndGlobalSection
EndGlobal
