
Microsoft Visual Studio Solution File, Format Version 12.00
# Visual Studio Version 16
VisualStudioVersion = 16.0.30608.117
MinimumVisualStudioVersion = 10.0.40219.1
Project("{FAE04EC0-301F-11D3-BF4B-00C04F79EFBC}") = "OverflowCheck", "OverflowCheck\OverflowCheck.csproj", "{AECD8896-5282-466F-B526-0EED5F280515}"
EndProject
Global
	GlobalSection(SolutionConfigurationPlatforms) = preSolution
		Debug|Any CPU = Debug|Any CPU
		Release|Any CPU = Release|Any CPU
	EndGlobalSection
	GlobalSection(ProjectConfigurationPlatforms) = postSolution
		{AECD8896-5282-466F-B526-0EED5F280515}.Debug|Any CPU.ActiveCfg = Debug|Any CPU
		{AECD8896-5282-466F-B526-0EED5F280515}.Debug|Any CPU.Build.0 = Debug|Any CPU
		{AECD8896-5282-466F-B526-0EED5F280515}.Release|Any CPU.ActiveCfg = Release|Any CPU
		{AECD8896-5282-466F-B526-0EED5F280515}.Release|Any CPU.Build.0 = Release|Any CPU
	EndGlobalSection
	GlobalSection(SolutionProperties) = preSolution
		HideSolutionNode = FALSE
	EndGlobalSection
	GlobalSection(ExtensibilityGlobals) = postSolution
		SolutionGuid = {3B9197CB-7E19-443B-80E2-C4050585900D}
	EndGlobalSection
EndGlobal
