
Microsoft Visual Studio Solution File, Format Version 12.00
# Visual Studio Version 16
VisualStudioVersion = 16.0.30907.101
MinimumVisualStudioVersion = 10.0.40219.1
Project("{FAE04EC0-301F-11D3-BF4B-00C04F79EFBC}") = "Ch19Ex02", "Ch19Ex02\Ch19Ex02.csproj", "{F81CD08A-8E40-4D05-8EEC-D66DB418133C}"
EndProject
Global
	GlobalSection(SolutionConfigurationPlatforms) = preSolution
		Debug|Any CPU = Debug|Any CPU
		Release|Any CPU = Release|Any CPU
	EndGlobalSection
	GlobalSection(ProjectConfigurationPlatforms) = postSolution
		{F81CD08A-8E40-4D05-8EEC-D66DB418133C}.Debug|Any CPU.ActiveCfg = Debug|Any CPU
		{F81CD08A-8E40-4D05-8EEC-D66DB418133C}.Debug|Any CPU.Build.0 = Debug|Any CPU
		{F81CD08A-8E40-4D05-8EEC-D66DB418133C}.Release|Any CPU.ActiveCfg = Release|Any CPU
		{F81CD08A-8E40-4D05-8EEC-D66DB418133C}.Release|Any CPU.Build.0 = Release|Any CPU
	EndGlobalSection
	GlobalSection(SolutionProperties) = preSolution
		HideSolutionNode = FALSE
	EndGlobalSection
	GlobalSection(ExtensibilityGlobals) = postSolution
		SolutionGuid = {E9E97392-7013-448F-A40D-FF36056D3857}
	EndGlobalSection
EndGlobal
