
Microsoft Visual Studio Solution File, Format Version 12.00
# Visual Studio Version 16
VisualStudioVersion = 16.0.30717.126
MinimumVisualStudioVersion = 10.0.40219.1
Project("{FAE04EC0-301F-11D3-BF4B-00C04F79EFBC}") = "Ch13Ex05", "Ch13Ex05\Ch13Ex05.csproj", "{D5377286-F93B-4BB5-9F2C-8D36505838C3}"
EndProject
Global
	GlobalSection(SolutionConfigurationPlatforms) = preSolution
		Debug|Any CPU = Debug|Any CPU
		Release|Any CPU = Release|Any CPU
	EndGlobalSection
	GlobalSection(ProjectConfigurationPlatforms) = postSolution
		{D5377286-F93B-4BB5-9F2C-8D36505838C3}.Debug|Any CPU.ActiveCfg = Debug|Any CPU
		{D5377286-F93B-4BB5-9F2C-8D36505838C3}.Debug|Any CPU.Build.0 = Debug|Any CPU
		{D5377286-F93B-4BB5-9F2C-8D36505838C3}.Release|Any CPU.ActiveCfg = Release|Any CPU
		{D5377286-F93B-4BB5-9F2C-8D36505838C3}.Release|Any CPU.Build.0 = Release|Any CPU
	EndGlobalSection
	GlobalSection(SolutionProperties) = preSolution
		HideSolutionNode = FALSE
	EndGlobalSection
	GlobalSection(ExtensibilityGlobals) = postSolution
		SolutionGuid = {792D97F9-9B9D-455B-AA72-5A9CE50E8914}
	EndGlobalSection
EndGlobal
