
Microsoft Visual Studio Solution File, Format Version 12.00
# Visual Studio Version 16
VisualStudioVersion = 16.0.30615.102
MinimumVisualStudioVersion = 10.0.40219.1
Project("{FAE04EC0-301F-11D3-BF4B-00C04F79EFBC}") = "Ch06Ex01", "Ch06Ex01\Ch06Ex01.csproj", "{407FB83C-0605-4EBE-BFB9-83FA36178A8D}"
EndProject
Global
	GlobalSection(SolutionConfigurationPlatforms) = preSolution
		Debug|Any CPU = Debug|Any CPU
		Release|Any CPU = Release|Any CPU
	EndGlobalSection
	GlobalSection(ProjectConfigurationPlatforms) = postSolution
		{407FB83C-0605-4EBE-BFB9-83FA36178A8D}.Debug|Any CPU.ActiveCfg = Debug|Any CPU
		{407FB83C-0605-4EBE-BFB9-83FA36178A8D}.Debug|Any CPU.Build.0 = Debug|Any CPU
		{407FB83C-0605-4EBE-BFB9-83FA36178A8D}.Release|Any CPU.ActiveCfg = Release|Any CPU
		{407FB83C-0605-4EBE-BFB9-83FA36178A8D}.Release|Any CPU.Build.0 = Release|Any CPU
	EndGlobalSection
	GlobalSection(SolutionProperties) = preSolution
		HideSolutionNode = FALSE
	EndGlobalSection
	GlobalSection(ExtensibilityGlobals) = postSolution
		SolutionGuid = {B43CA332-5D50-463A-8DD3-CB3EF030947A}
	EndGlobalSection
EndGlobal
