
Microsoft Visual Studio Solution File, Format Version 12.00
# Visual Studio Version 16
VisualStudioVersion = 16.0.30626.31
MinimumVisualStudioVersion = 10.0.40219.1
Project("{FAE04EC0-301F-11D3-BF4B-00C04F79EFBC}") = "Ch10Ex02", "Ch10Ex02\Ch10Ex02.csproj", "{2B4144A2-CDC1-4E15-8A7C-A13E10875E2E}"
EndProject
Global
	GlobalSection(SolutionConfigurationPlatforms) = preSolution
		Debug|Any CPU = Debug|Any CPU
		Release|Any CPU = Release|Any CPU
	EndGlobalSection
	GlobalSection(ProjectConfigurationPlatforms) = postSolution
		{2B4144A2-CDC1-4E15-8A7C-A13E10875E2E}.Debug|Any CPU.ActiveCfg = Debug|Any CPU
		{2B4144A2-CDC1-4E15-8A7C-A13E10875E2E}.Debug|Any CPU.Build.0 = Debug|Any CPU
		{2B4144A2-CDC1-4E15-8A7C-A13E10875E2E}.Release|Any CPU.ActiveCfg = Release|Any CPU
		{2B4144A2-CDC1-4E15-8A7C-A13E10875E2E}.Release|Any CPU.Build.0 = Release|Any CPU
	EndGlobalSection
	GlobalSection(SolutionProperties) = preSolution
		HideSolutionNode = FALSE
	EndGlobalSection
	GlobalSection(ExtensibilityGlobals) = postSolution
		SolutionGuid = {1F671778-C969-47B9-9551-385616B8F6E6}
	EndGlobalSection
EndGlobal
