
Microsoft Visual Studio Solution File, Format Version 12.00
# Visual Studio Version 16
VisualStudioVersion = 16.0.30717.126
MinimumVisualStudioVersion = 10.0.40219.1
Project("{FAE04EC0-301F-11D3-BF4B-00C04F79EFBC}") = "Ch13Ex07", "Ch13Ex07\Ch13Ex07.csproj", "{B387CE67-C455-4E64-B481-541A83413297}"
EndProject
Global
	GlobalSection(SolutionConfigurationPlatforms) = preSolution
		Debug|Any CPU = Debug|Any CPU
		Release|Any CPU = Release|Any CPU
	EndGlobalSection
	GlobalSection(ProjectConfigurationPlatforms) = postSolution
		{B387CE67-C455-4E64-B481-541A83413297}.Debug|Any CPU.ActiveCfg = Debug|Any CPU
		{B387CE67-C455-4E64-B481-541A83413297}.Debug|Any CPU.Build.0 = Debug|Any CPU
		{B387CE67-C455-4E64-B481-541A83413297}.Release|Any CPU.ActiveCfg = Release|Any CPU
		{B387CE67-C455-4E64-B481-541A83413297}.Release|Any CPU.Build.0 = Release|Any CPU
	EndGlobalSection
	GlobalSection(SolutionProperties) = preSolution
		HideSolutionNode = FALSE
	EndGlobalSection
	GlobalSection(ExtensibilityGlobals) = postSolution
		SolutionGuid = {D32E2F8B-3457-467E-9F28-77E1C5DE48BF}
	EndGlobalSection
EndGlobal
