
Microsoft Visual Studio Solution File, Format Version 12.00
# Visual Studio Version 16
VisualStudioVersion = 16.0.30717.126
MinimumVisualStudioVersion = 10.0.40219.1
Project("{FAE04EC0-301F-11D3-BF4B-00C04F79EFBC}") = "Ch13Ex06", "Ch13Ex06\Ch13Ex06.csproj", "{227F6701-CA04-455A-B70D-D1AFEC2B93D5}"
EndProject
Global
	GlobalSection(SolutionConfigurationPlatforms) = preSolution
		Debug|Any CPU = Debug|Any CPU
		Release|Any CPU = Release|Any CPU
	EndGlobalSection
	GlobalSection(ProjectConfigurationPlatforms) = postSolution
		{227F6701-CA04-455A-B70D-D1AFEC2B93D5}.Debug|Any CPU.ActiveCfg = Debug|Any CPU
		{227F6701-CA04-455A-B70D-D1AFEC2B93D5}.Debug|Any CPU.Build.0 = Debug|Any CPU
		{227F6701-CA04-455A-B70D-D1AFEC2B93D5}.Release|Any CPU.ActiveCfg = Release|Any CPU
		{227F6701-CA04-455A-B70D-D1AFEC2B93D5}.Release|Any CPU.Build.0 = Release|Any CPU
	EndGlobalSection
	GlobalSection(SolutionProperties) = preSolution
		HideSolutionNode = FALSE
	EndGlobalSection
	GlobalSection(ExtensibilityGlobals) = postSolution
		SolutionGuid = {954E27DC-AB04-4363-BF3D-CD1B401F35CA}
	EndGlobalSection
EndGlobal
