
Microsoft Visual Studio Solution File, Format Version 12.00
# Visual Studio Version 16
VisualStudioVersion = 16.0.30709.132
MinimumVisualStudioVersion = 10.0.40219.1
Project("{FAE04EC0-301F-11D3-BF4B-00C04F79EFBC}") = "Ch12CardLib", "Ch12CardLib\Ch12CardLib.csproj", "{826E3E15-94CC-4DF5-8641-FFC51D3A02B6}"
EndProject
Global
	GlobalSection(SolutionConfigurationPlatforms) = preSolution
		Debug|Any CPU = Debug|Any CPU
		Release|Any CPU = Release|Any CPU
	EndGlobalSection
	GlobalSection(ProjectConfigurationPlatforms) = postSolution
		{826E3E15-94CC-4DF5-8641-FFC51D3A02B6}.Debug|Any CPU.ActiveCfg = Debug|Any CPU
		{826E3E15-94CC-4DF5-8641-FFC51D3A02B6}.Debug|Any CPU.Build.0 = Debug|Any CPU
		{826E3E15-94CC-4DF5-8641-FFC51D3A02B6}.Release|Any CPU.ActiveCfg = Release|Any CPU
		{826E3E15-94CC-4DF5-8641-FFC51D3A02B6}.Release|Any CPU.Build.0 = Release|Any CPU
	EndGlobalSection
	GlobalSection(SolutionProperties) = preSolution
		HideSolutionNode = FALSE
	EndGlobalSection
	GlobalSection(ExtensibilityGlobals) = postSolution
		SolutionGuid = {852FE955-9FE8-4C4F-95BC-7F32CE87A616}
	EndGlobalSection
EndGlobal
