
Microsoft Visual Studio Solution File, Format Version 12.00
# Visual Studio Version 16
VisualStudioVersion = 16.0.31005.135
MinimumVisualStudioVersion = 10.0.40219.1
Project("{FAE04EC0-301F-11D3-BF4B-00C04F79EFBC}") = "BeginningCSharpAndDotNET_16_6_LargeNumberQuery", "BeginningCSharpAndDotNET_16_6_LargeNumberQuery.csproj", "{607A7513-0074-4190-8BBA-1EAB83637CE6}"
EndProject
Global
	GlobalSection(SolutionConfigurationPlatforms) = preSolution
		Debug|Any CPU = Debug|Any CPU
		Release|Any CPU = Release|Any CPU
	EndGlobalSection
	GlobalSection(ProjectConfigurationPlatforms) = postSolution
		{607A7513-0074-4190-8BBA-1EAB83637CE6}.Debug|Any CPU.ActiveCfg = Debug|Any CPU
		{607A7513-0074-4190-8BBA-1EAB83637CE6}.Debug|Any CPU.Build.0 = Debug|Any CPU
		{607A7513-0074-4190-8BBA-1EAB83637CE6}.Release|Any CPU.ActiveCfg = Release|Any CPU
		{607A7513-0074-4190-8BBA-1EAB83637CE6}.Release|Any CPU.Build.0 = Release|Any CPU
	EndGlobalSection
	GlobalSection(SolutionProperties) = preSolution
		HideSolutionNode = FALSE
	EndGlobalSection
	GlobalSection(ExtensibilityGlobals) = postSolution
		SolutionGuid = {76073C33-B770-4CB3-A34E-0C447E9E5C09}
	EndGlobalSection
EndGlobal
